{
  "nodes": {
    "flake-compat": {
      "flake": false,
      "locked": {
        "lastModified": 1696426674,
        "narHash": "sha256-kvjfFW7WAETZlt09AgDn1MrtKzP7t90Vf7vypd3OL1U=",
        "owner": "edolstra",
        "repo": "flake-compat",
        "rev": "0f9255e01c2351cc7d116c072cb317785dd33b33",
        "type": "github"
      },
      "original": {
        "owner": "edolstra",
        "repo": "flake-compat",
        "type": "github"
      }
    },
    "home-manager": {
      "inputs": {
        "nixpkgs": [
          "nixpkgs"
        ]
      },
      "locked": {
        "lastModified": 1779580960,
        "narHash": "sha256-/EG2rRahtxdoKKzGPGqaymVB96kBBYhygatEAbsoqaM=",
        "owner": "nix-community",
        "repo": "home-manager",
        "rev": "6e92bf094d45bc33d754e2b0f75d9ca1827cc363",
        "type": "github"
      },
      "original": {
        "owner": "nix-community",
        "repo": "home-manager",
        "type": "github"
      }
    },
    "nixpkgs": {
      "locked": {
        "lastModified": 1779508470,
        "narHash": "sha256-Ap9KJX+5xHIn3bPIpfNgT6MEXdAECECwo4/rmlQD74M=",
        "owner": "nixos",
        "repo": "nixpkgs",
        "rev": "29916453413845e54a65b8a1cf996842300cd299",
        "type": "github"
      },
      "original": {
        "owner": "nixos",
        "ref": "nixos-unstable",
        "repo": "nixpkgs",
        "type": "github"
      }
    },
    "root": {
      "inputs": {
        "home-manager": "home-manager",
        "nixpkgs": "nixpkgs",
        "zig": "zig",
        "zls": "zls"
      }
    },
    "systems": {
      "flake": false,
      "locked": {
        "lastModified": 1681028828,
        "narHash": "sha256-Vy1rq5AaRuLzOxct8nz4T6wlgyUR7zLU309k9mBC768=",
        "owner": "nix-systems",
        "repo": "default",
        "rev": "da67096a3b9bf56a91d16901293e51ba5b49a27e",
        "type": "github"
      },
      "original": {
        "owner": "nix-systems",
        "repo": "default",
        "type": "github"
      }
    },
    "zig": {
      "inputs": {
        "flake-compat": "flake-compat",
        "nixpkgs": [
          "nixpkgs"
        ],
        "systems": "systems"
      },
      "locked": {
        "lastModified": 1779539536,
        "narHash": "sha256-59aa7g2MxTCl20oNdyxfEK/n5FZ6e1jOHmsZFcgv2hM=",
        "owner": "mitchellh",
        "repo": "zig-overlay",
        "rev": "d483918f87f675ae2a70d3f9f81452936d7e1e2a",
        "type": "github"
      },
      "original": {
        "owner": "mitchellh",
        "repo": "zig-overlay",
        "type": "github"
      }
    },
    "zig-flake": {
      "inputs": {
        "nixpkgs": [
          "zls",
          "nixpkgs"
        ]
      },
      "locked": {
        "lastModified": 1778524253,
        "narHash": "sha256-zm8q9v7KmBjtMTP1x6kk2Fh3XrAySDnZl3dMZl0Jqkc=",
        "owner": "silversquirl",
        "repo": "zig-flake",
        "rev": "824cb996143ba0f42653b5312a1d3cb8822c3947",
        "type": "github"
      },
      "original": {
        "owner": "silversquirl",
        "repo": "zig-flake",
        "type": "github"
      }
    },
    "zls": {
      "inputs": {
        "nixpkgs": [
          "nixpkgs"
        ],
        "zig-flake": "zig-flake"
      },
      "locked": {
        "lastModified": 1779121509,
        "narHash": "sha256-Ybn0vlivG3kzFF80k6xRq0I5jGkUHDothbXKvU14pDY=",
        "owner": "zigtools",
        "repo": "zls",
        "rev": "d5d31d9af381dc29e7102f966e6a6c1dc25a8c9e",
        "type": "github"
      },
      "original": {
        "owner": "zigtools",
        "repo": "zls",
        "type": "github"
      }
    }
  },
  "root": "root",
  "version": 7
}
